
Microsoft Visual Studio Solution File, Format Version 12.00
# Visual Studio 15
VisualStudioVersion = 15.0.27703.2035
MinimumVisualStudioVersion = 10.0.40219.1
Project("{FAE04EC0-301F-11D3-BF4B-00C04F79EFBC}") = "MatchingGame", "MatchingGame\MatchingGame.csproj", "{BD77D998-C83F-4487-97E8-53FA96DBA003}"
EndProject
Global
	GlobalSection(SolutionConfigurationPlatforms) = preSolution
		Debug|Any CPU = Debug|Any CPU
		Release|Any CPU = Release|Any CPU
	EndGlobalSection
	GlobalSection(ProjectConfigurationPlatforms) = postSolution
		{BD77D998-C83F-4487-97E8-53FA96DBA003}.Debug|Any CPU.ActiveCfg = Debug|Any CPU
		{BD77D998-C83F-4487-97E8-53FA96DBA003}.Debug|Any CPU.Build.0 = Debug|Any CPU
		{BD77D998-C83F-4487-97E8-53FA96DBA003}.Release|Any CPU.ActiveCfg = Release|Any CPU
		{BD77D998-C83F-4487-97E8-53FA96DBA003}.Release|Any CPU.Build.0 = Release|Any CPU
	EndGlobalSection
	GlobalSection(SolutionProperties) = preSolution
		HideSolutionNode = FALSE
	EndGlobalSection
	GlobalSection(ExtensibilityGlobals) = postSolution
		SolutionGuid = {AAF94717-6B12-481A-A4A0-368945D1542B}
	EndGlobalSection
EndGlobal
